
Microsoft Visual Studio Solution File, Format Version 12.00
# Visual Studio Version 17
VisualStudioVersion = 17.3.32825.248
MinimumVisualStudioVersion = 10.0.40219.1
Project("{9A19103F-16F7-4668-BE54-9A1E7A4F7556}") = "TMS_DataAccess", "TMS_DataAccess.csproj", "{199D2534-D92F-434C-8317-CE83A62B2CD8}"
EndProject
Global
	GlobalSection(SolutionConfigurationPlatforms) = preSolution
		Debug|Any CPU = Debug|Any CPU
		Release|Any CPU = Release|Any CPU
	EndGlobalSection
	GlobalSection(ProjectConfigurationPlatforms) = postSolution
		{199D2534-D92F-434C-8317-CE83A62B2CD8}.Debug|Any CPU.ActiveCfg = Debug|Any CPU
		{199D2534-D92F-434C-8317-CE83A62B2CD8}.Debug|Any CPU.Build.0 = Debug|Any CPU
		{199D2534-D92F-434C-8317-CE83A62B2CD8}.Release|Any CPU.ActiveCfg = Release|Any CPU
		{199D2534-D92F-434C-8317-CE83A62B2CD8}.Release|Any CPU.Build.0 = Release|Any CPU
	EndGlobalSection
	GlobalSection(SolutionProperties) = preSolution
		HideSolutionNode = FALSE
	EndGlobalSection
	GlobalSection(ExtensibilityGlobals) = postSolution
		SolutionGuid = {D658F4CE-1248-4CFD-BBE0-633A767DE02E}
	EndGlobalSection
EndGlobal
