
Microsoft Visual Studio Solution File, Format Version 12.00
# Visual Studio Version 17
VisualStudioVersion = 17.3.32825.248
MinimumVisualStudioVersion = 10.0.40219.1
Project("{FAE04EC0-301F-11D3-BF4B-00C04F79EFBC}") = "term_project", "term_project.csproj", "{58C6F70F-3BA2-4F96-80C8-B54525E95698}"
EndProject
Global
	GlobalSection(SolutionConfigurationPlatforms) = preSolution
		Debug|Any CPU = Debug|Any CPU
		Release|Any CPU = Release|Any CPU
	EndGlobalSection
	GlobalSection(ProjectConfigurationPlatforms) = postSolution
		{58C6F70F-3BA2-4F96-80C8-B54525E95698}.Debug|Any CPU.ActiveCfg = Debug|Any CPU
		{58C6F70F-3BA2-4F96-80C8-B54525E95698}.Debug|Any CPU.Build.0 = Debug|Any CPU
		{58C6F70F-3BA2-4F96-80C8-B54525E95698}.Release|Any CPU.ActiveCfg = Release|Any CPU
		{58C6F70F-3BA2-4F96-80C8-B54525E95698}.Release|Any CPU.Build.0 = Release|Any CPU
	EndGlobalSection
	GlobalSection(SolutionProperties) = preSolution
		HideSolutionNode = FALSE
	EndGlobalSection
	GlobalSection(ExtensibilityGlobals) = postSolution
		SolutionGuid = {AC1AB9CF-93D1-4304-9F02-CFADDFCDCCB8}
	EndGlobalSection
EndGlobal
