
Microsoft Visual Studio Solution File, Format Version 12.00
# Visual Studio Version 17
VisualStudioVersion = 17.7.34221.43
MinimumVisualStudioVersion = 10.0.40219.1
Project("{FAE04EC0-301F-11D3-BF4B-00C04F79EFBC}") = "Planner", "Planner.csproj", "{C04A5894-126B-4220-B98D-C84DD61B66F7}"
EndProject
Global
	GlobalSection(SolutionConfigurationPlatforms) = preSolution
		Debug|Any CPU = Debug|Any CPU
		Release|Any CPU = Release|Any CPU
	EndGlobalSection
	GlobalSection(ProjectConfigurationPlatforms) = postSolution
		{C04A5894-126B-4220-B98D-C84DD61B66F7}.Debug|Any CPU.ActiveCfg = Debug|Any CPU
		{C04A5894-126B-4220-B98D-C84DD61B66F7}.Debug|Any CPU.Build.0 = Debug|Any CPU
		{C04A5894-126B-4220-B98D-C84DD61B66F7}.Release|Any CPU.ActiveCfg = Release|Any CPU
		{C04A5894-126B-4220-B98D-C84DD61B66F7}.Release|Any CPU.Build.0 = Release|Any CPU
	EndGlobalSection
	GlobalSection(SolutionProperties) = preSolution
		HideSolutionNode = FALSE
	EndGlobalSection
	GlobalSection(ExtensibilityGlobals) = postSolution
		SolutionGuid = {D4BABAD8-71EE-4571-8AE9-1CB7FC9E358E}
	EndGlobalSection
EndGlobal
